
Microsoft Visual Studio Solution File, Format Version 12.00
# Visual Studio Version 16
VisualStudioVersion = 16.0.31702.278
MinimumVisualStudioVersion = 10.0.40219.1
Project("{FAE04EC0-301F-11D3-BF4B-00C04F79EFBC}") = "App4.Android", "App4\App4.Android\App4.Android.csproj", "{953F20D6-9E47-4CCF-B93E-F426B8555539}"
EndProject
Project("{FAE04EC0-301F-11D3-BF4B-00C04F79EFBC}") = "App4.iOS", "App4\App4.iOS\App4.iOS.csproj", "{428F8544-9FDF-4D1F-8273-2A8B006E9610}"
EndProject
Project("{FAE04EC0-301F-11D3-BF4B-00C04F79EFBC}") = "App4", "App4\App4\App4.csproj", "{8EFD8ED9-C5AB-48FB-9458-66AA10EF7988}"
EndProject
Global
	GlobalSection(SolutionConfigurationPlatforms) = preSolution
		Debug|Any CPU = Debug|Any CPU
		Debug|iPhone = Debug|iPhone
		Debug|iPhoneSimulator = Debug|iPhoneSimulator
		Release|Any CPU = Release|Any CPU
		Release|iPhone = Release|iPhone
		Release|iPhoneSimulator = Release|iPhoneSimulator
	EndGlobalSection
	GlobalSection(ProjectConfigurationPlatforms) = postSolution
		{953F20D6-9E47-4CCF-B93E-F426B8555539}.Debug|Any CPU.ActiveCfg = Debug|Any CPU
		{953F20D6-9E47-4CCF-B93E-F426B8555539}.Debug|Any CPU.Build.0 = Debug|Any CPU
		{953F20D6-9E47-4CCF-B93E-F426B8555539}.Debug|Any CPU.Deploy.0 = Debug|Any CPU
		{953F20D6-9E47-4CCF-B93E-F426B8555539}.Debug|iPhone.ActiveCfg = Debug|Any CPU
		{953F20D6-9E47-4CCF-B93E-F426B8555539}.Debug|iPhone.Build.0 = Debug|Any CPU
		{953F20D6-9E47-4CCF-B93E-F426B8555539}.Debug|iPhone.Deploy.0 = Debug|Any CPU
		{953F20D6-9E47-4CCF-B93E-F426B8555539}.Debug|iPhoneSimulator.ActiveCfg = Debug|Any CPU
		{953F20D6-9E47-4CCF-B93E-F426B8555539}.Debug|iPhoneSimulator.Build.0 = Debug|Any CPU
		{953F20D6-9E47-4CCF-B93E-F426B8555539}.Debug|iPhoneSimulator.Deploy.0 = Debug|Any CPU
		{953F20D6-9E47-4CCF-B93E-F426B8555539}.Release|Any CPU.ActiveCfg = Release|Any CPU
		{953F20D6-9E47-4CCF-B93E-F426B8555539}.Release|Any CPU.Build.0 = Release|Any CPU
		{953F20D6-9E47-4CCF-B93E-F426B8555539}.Release|Any CPU.Deploy.0 = Release|Any CPU
		{953F20D6-9E47-4CCF-B93E-F426B8555539}.Release|iPhone.ActiveCfg = Release|Any CPU
		{953F20D6-9E47-4CCF-B93E-F426B8555539}.Release|iPhone.Build.0 = Release|Any CPU
		{953F20D6-9E47-4CCF-B93E-F426B8555539}.Release|iPhone.Deploy.0 = Release|Any CPU
		{953F20D6-9E47-4CCF-B93E-F426B8555539}.Release|iPhoneSimulator.ActiveCfg = Release|Any CPU
		{953F20D6-9E47-4CCF-B93E-F426B8555539}.Release|iPhoneSimulator.Build.0 = Release|Any CPU
		{953F20D6-9E47-4CCF-B93E-F426B8555539}.Release|iPhoneSimulator.Deploy.0 = Release|Any CPU
		{428F8544-9FDF-4D1F-8273-2A8B006E9610}.Debug|Any CPU.ActiveCfg = Debug|iPhone
		{428F8544-9FDF-4D1F-8273-2A8B006E9610}.Debug|Any CPU.Build.0 = Debug|iPhone
		{428F8544-9FDF-4D1F-8273-2A8B006E9610}.Debug|Any CPU.Deploy.0 = Debug|iPhone
		{428F8544-9FDF-4D1F-8273-2A8B006E9610}.Debug|iPhone.ActiveCfg = Debug|iPhone
		{428F8544-9FDF-4D1F-8273-2A8B006E9610}.Debug|iPhone.Build.0 = Debug|iPhone
		{428F8544-9FDF-4D1F-8273-2A8B006E9610}.Debug|iPhone.Deploy.0 = Debug|iPhone
		{428F8544-9FDF-4D1F-8273-2A8B006E9610}.Debug|iPhoneSimulator.ActiveCfg = Debug|iPhoneSimulator
		{428F8544-9FDF-4D1F-8273-2A8B006E9610}.Debug|iPhoneSimulator.Build.0 = Debug|iPhoneSimulator
		{428F8544-9FDF-4D1F-8273-2A8B006E9610}.Debug|iPhoneSimulator.Deploy.0 = Debug|iPhoneSimulator
		{428F8544-9FDF-4D1F-8273-2A8B006E9610}.Release|Any CPU.ActiveCfg = Release|iPhoneSimulator
		{428F8544-9FDF-4D1F-8273-2A8B006E9610}.Release|Any CPU.Build.0 = Release|iPhoneSimulator
		{428F8544-9FDF-4D1F-8273-2A8B006E9610}.Release|Any CPU.Deploy.0 = Release|iPhoneSimulator
		{428F8544-9FDF-4D1F-8273-2A8B006E9610}.Release|iPhone.ActiveCfg = Release|iPhone
		{428F8544-9FDF-4D1F-8273-2A8B006E9610}.Release|iPhone.Build.0 = Release|iPhone
		{428F8544-9FDF-4D1F-8273-2A8B006E9610}.Release|iPhone.Deploy.0 = Release|iPhone
		{428F8544-9FDF-4D1F-8273-2A8B006E9610}.Release|iPhoneSimulator.ActiveCfg = Release|iPhoneSimulator
		{428F8544-9FDF-4D1F-8273-2A8B006E9610}.Release|iPhoneSimulator.Build.0 = Release|iPhoneSimulator
		{428F8544-9FDF-4D1F-8273-2A8B006E9610}.Release|iPhoneSimulator.Deploy.0 = Release|iPhoneSimulator
		{8EFD8ED9-C5AB-48FB-9458-66AA10EF7988}.Debug|Any CPU.ActiveCfg = Debug|Any CPU
		{8EFD8ED9-C5AB-48FB-9458-66AA10EF7988}.Debug|Any CPU.Build.0 = Debug|Any CPU
		{8EFD8ED9-C5AB-48FB-9458-66AA10EF7988}.Debug|Any CPU.Deploy.0 = Debug|Any CPU
		{8EFD8ED9-C5AB-48FB-9458-66AA10EF7988}.Debug|iPhone.ActiveCfg = Debug|Any CPU
		{8EFD8ED9-C5AB-48FB-9458-66AA10EF7988}.Debug|iPhone.Build.0 = Debug|Any CPU
		{8EFD8ED9-C5AB-48FB-9458-66AA10EF7988}.Debug|iPhone.Deploy.0 = Debug|Any CPU
		{8EFD8ED9-C5AB-48FB-9458-66AA10EF7988}.Debug|iPhoneSimulator.ActiveCfg = Debug|Any CPU
		{8EFD8ED9-C5AB-48FB-9458-66AA10EF7988}.Debug|iPhoneSimulator.Build.0 = Debug|Any CPU
		{8EFD8ED9-C5AB-48FB-9458-66AA10EF7988}.Debug|iPhoneSimulator.Deploy.0 = Debug|Any CPU
		{8EFD8ED9-C5AB-48FB-9458-66AA10EF7988}.Release|Any CPU.ActiveCfg = Release|Any CPU
		{8EFD8ED9-C5AB-48FB-9458-66AA10EF7988}.Release|Any CPU.Build.0 = Release|Any CPU
		{8EFD8ED9-C5AB-48FB-9458-66AA10EF7988}.Release|Any CPU.Deploy.0 = Release|Any CPU
		{8EFD8ED9-C5AB-48FB-9458-66AA10EF7988}.Release|iPhone.ActiveCfg = Release|Any CPU
		{8EFD8ED9-C5AB-48FB-9458-66AA10EF7988}.Release|iPhone.Build.0 = Release|Any CPU
		{8EFD8ED9-C5AB-48FB-9458-66AA10EF7988}.Release|iPhone.Deploy.0 = Release|Any CPU
		{8EFD8ED9-C5AB-48FB-9458-66AA10EF7988}.Release|iPhoneSimulator.ActiveCfg = Release|Any CPU
		{8EFD8ED9-C5AB-48FB-9458-66AA10EF7988}.Release|iPhoneSimulator.Build.0 = Release|Any CPU
		{8EFD8ED9-C5AB-48FB-9458-66AA10EF7988}.Release|iPhoneSimulator.Deploy.0 = Release|Any CPU
	EndGlobalSection
	GlobalSection(SolutionProperties) = preSolution
		HideSolutionNode = FALSE
	EndGlobalSection
	GlobalSection(ExtensibilityGlobals) = postSolution
		SolutionGuid = {63F5DFF0-C5D9-4501-B80B-BFD2248CD223}
	EndGlobalSection
EndGlobal
