
Microsoft Visual Studio Solution File, Format Version 12.00
# Visual Studio Version 16
VisualStudioVersion = 16.0.31702.278
MinimumVisualStudioVersion = 10.0.40219.1
Project("{FAE04EC0-301F-11D3-BF4B-00C04F79EFBC}") = "App2.Android", "App2\App2.Android\App2.Android.csproj", "{5F902E4E-CAE7-45F7-85D1-1A0FC23C0A96}"
EndProject
Project("{FAE04EC0-301F-11D3-BF4B-00C04F79EFBC}") = "App2.iOS", "App2\App2.iOS\App2.iOS.csproj", "{71FBD3D0-9829-44AC-A695-944CB4C02035}"
EndProject
Project("{FAE04EC0-301F-11D3-BF4B-00C04F79EFBC}") = "App2", "App2\App2\App2.csproj", "{4A0BAD36-2E39-4000-AF8E-884BE8F79332}"
EndProject
Global
	GlobalSection(SolutionConfigurationPlatforms) = preSolution
		Debug|Any CPU = Debug|Any CPU
		Debug|iPhone = Debug|iPhone
		Debug|iPhoneSimulator = Debug|iPhoneSimulator
		Release|Any CPU = Release|Any CPU
		Release|iPhone = Release|iPhone
		Release|iPhoneSimulator = Release|iPhoneSimulator
	EndGlobalSection
	GlobalSection(ProjectConfigurationPlatforms) = postSolution
		{5F902E4E-CAE7-45F7-85D1-1A0FC23C0A96}.Debug|Any CPU.ActiveCfg = Debug|Any CPU
		{5F902E4E-CAE7-45F7-85D1-1A0FC23C0A96}.Debug|Any CPU.Build.0 = Debug|Any CPU
		{5F902E4E-CAE7-45F7-85D1-1A0FC23C0A96}.Debug|Any CPU.Deploy.0 = Debug|Any CPU
		{5F902E4E-CAE7-45F7-85D1-1A0FC23C0A96}.Debug|iPhone.ActiveCfg = Debug|Any CPU
		{5F902E4E-CAE7-45F7-85D1-1A0FC23C0A96}.Debug|iPhone.Build.0 = Debug|Any CPU
		{5F902E4E-CAE7-45F7-85D1-1A0FC23C0A96}.Debug|iPhone.Deploy.0 = Debug|Any CPU
		{5F902E4E-CAE7-45F7-85D1-1A0FC23C0A96}.Debug|iPhoneSimulator.ActiveCfg = Debug|Any CPU
		{5F902E4E-CAE7-45F7-85D1-1A0FC23C0A96}.Debug|iPhoneSimulator.Build.0 = Debug|Any CPU
		{5F902E4E-CAE7-45F7-85D1-1A0FC23C0A96}.Debug|iPhoneSimulator.Deploy.0 = Debug|Any CPU
		{5F902E4E-CAE7-45F7-85D1-1A0FC23C0A96}.Release|Any CPU.ActiveCfg = Release|Any CPU
		{5F902E4E-CAE7-45F7-85D1-1A0FC23C0A96}.Release|Any CPU.Build.0 = Release|Any CPU
		{5F902E4E-CAE7-45F7-85D1-1A0FC23C0A96}.Release|Any CPU.Deploy.0 = Release|Any CPU
		{5F902E4E-CAE7-45F7-85D1-1A0FC23C0A96}.Release|iPhone.ActiveCfg = Release|Any CPU
		{5F902E4E-CAE7-45F7-85D1-1A0FC23C0A96}.Release|iPhone.Build.0 = Release|Any CPU
		{5F902E4E-CAE7-45F7-85D1-1A0FC23C0A96}.Release|iPhone.Deploy.0 = Release|Any CPU
		{5F902E4E-CAE7-45F7-85D1-1A0FC23C0A96}.Release|iPhoneSimulator.ActiveCfg = Release|Any CPU
		{5F902E4E-CAE7-45F7-85D1-1A0FC23C0A96}.Release|iPhoneSimulator.Build.0 = Release|Any CPU
		{5F902E4E-CAE7-45F7-85D1-1A0FC23C0A96}.Release|iPhoneSimulator.Deploy.0 = Release|Any CPU
		{71FBD3D0-9829-44AC-A695-944CB4C02035}.Debug|Any CPU.ActiveCfg = Debug|iPhone
		{71FBD3D0-9829-44AC-A695-944CB4C02035}.Debug|Any CPU.Build.0 = Debug|iPhone
		{71FBD3D0-9829-44AC-A695-944CB4C02035}.Debug|Any CPU.Deploy.0 = Debug|iPhone
		{71FBD3D0-9829-44AC-A695-944CB4C02035}.Debug|iPhone.ActiveCfg = Debug|iPhone
		{71FBD3D0-9829-44AC-A695-944CB4C02035}.Debug|iPhone.Build.0 = Debug|iPhone
		{71FBD3D0-9829-44AC-A695-944CB4C02035}.Debug|iPhone.Deploy.0 = Debug|iPhone
		{71FBD3D0-9829-44AC-A695-944CB4C02035}.Debug|iPhoneSimulator.ActiveCfg = Debug|iPhoneSimulator
		{71FBD3D0-9829-44AC-A695-944CB4C02035}.Debug|iPhoneSimulator.Build.0 = Debug|iPhoneSimulator
		{71FBD3D0-9829-44AC-A695-944CB4C02035}.Debug|iPhoneSimulator.Deploy.0 = Debug|iPhoneSimulator
		{71FBD3D0-9829-44AC-A695-944CB4C02035}.Release|Any CPU.ActiveCfg = Release|iPhoneSimulator
		{71FBD3D0-9829-44AC-A695-944CB4C02035}.Release|Any CPU.Build.0 = Release|iPhoneSimulator
		{71FBD3D0-9829-44AC-A695-944CB4C02035}.Release|Any CPU.Deploy.0 = Release|iPhoneSimulator
		{71FBD3D0-9829-44AC-A695-944CB4C02035}.Release|iPhone.ActiveCfg = Release|iPhone
		{71FBD3D0-9829-44AC-A695-944CB4C02035}.Release|iPhone.Build.0 = Release|iPhone
		{71FBD3D0-9829-44AC-A695-944CB4C02035}.Release|iPhone.Deploy.0 = Release|iPhone
		{71FBD3D0-9829-44AC-A695-944CB4C02035}.Release|iPhoneSimulator.ActiveCfg = Release|iPhoneSimulator
		{71FBD3D0-9829-44AC-A695-944CB4C02035}.Release|iPhoneSimulator.Build.0 = Release|iPhoneSimulator
		{71FBD3D0-9829-44AC-A695-944CB4C02035}.Release|iPhoneSimulator.Deploy.0 = Release|iPhoneSimulator
		{4A0BAD36-2E39-4000-AF8E-884BE8F79332}.Debug|Any CPU.ActiveCfg = Debug|Any CPU
		{4A0BAD36-2E39-4000-AF8E-884BE8F79332}.Debug|Any CPU.Build.0 = Debug|Any CPU
		{4A0BAD36-2E39-4000-AF8E-884BE8F79332}.Debug|Any CPU.Deploy.0 = Debug|Any CPU
		{4A0BAD36-2E39-4000-AF8E-884BE8F79332}.Debug|iPhone.ActiveCfg = Debug|Any CPU
		{4A0BAD36-2E39-4000-AF8E-884BE8F79332}.Debug|iPhone.Build.0 = Debug|Any CPU
		{4A0BAD36-2E39-4000-AF8E-884BE8F79332}.Debug|iPhone.Deploy.0 = Debug|Any CPU
		{4A0BAD36-2E39-4000-AF8E-884BE8F79332}.Debug|iPhoneSimulator.ActiveCfg = Debug|Any CPU
		{4A0BAD36-2E39-4000-AF8E-884BE8F79332}.Debug|iPhoneSimulator.Build.0 = Debug|Any CPU
		{4A0BAD36-2E39-4000-AF8E-884BE8F79332}.Debug|iPhoneSimulator.Deploy.0 = Debug|Any CPU
		{4A0BAD36-2E39-4000-AF8E-884BE8F79332}.Release|Any CPU.ActiveCfg = Release|Any CPU
		{4A0BAD36-2E39-4000-AF8E-884BE8F79332}.Release|Any CPU.Build.0 = Release|Any CPU
		{4A0BAD36-2E39-4000-AF8E-884BE8F79332}.Release|Any CPU.Deploy.0 = Release|Any CPU
		{4A0BAD36-2E39-4000-AF8E-884BE8F79332}.Release|iPhone.ActiveCfg = Release|Any CPU
		{4A0BAD36-2E39-4000-AF8E-884BE8F79332}.Release|iPhone.Build.0 = Release|Any CPU
		{4A0BAD36-2E39-4000-AF8E-884BE8F79332}.Release|iPhone.Deploy.0 = Release|Any CPU
		{4A0BAD36-2E39-4000-AF8E-884BE8F79332}.Release|iPhoneSimulator.ActiveCfg = Release|Any CPU
		{4A0BAD36-2E39-4000-AF8E-884BE8F79332}.Release|iPhoneSimulator.Build.0 = Release|Any CPU
		{4A0BAD36-2E39-4000-AF8E-884BE8F79332}.Release|iPhoneSimulator.Deploy.0 = Release|Any CPU
	EndGlobalSection
	GlobalSection(SolutionProperties) = preSolution
		HideSolutionNode = FALSE
	EndGlobalSection
	GlobalSection(ExtensibilityGlobals) = postSolution
		SolutionGuid = {BEF0111C-BA20-4EDC-9C3A-01CEFD124803}
	EndGlobalSection
EndGlobal
