
Microsoft Visual Studio Solution File, Format Version 12.00
# Visual Studio Version 16
VisualStudioVersion = 16.0.31702.278
MinimumVisualStudioVersion = 10.0.40219.1
Project("{FAE04EC0-301F-11D3-BF4B-00C04F79EFBC}") = "App3.Android", "App3\App3.Android\App3.Android.csproj", "{D24E76EE-3DB1-4129-A70B-41E4950CC655}"
EndProject
Project("{FAE04EC0-301F-11D3-BF4B-00C04F79EFBC}") = "App3.iOS", "App3\App3.iOS\App3.iOS.csproj", "{3DF88465-1F56-4111-AFDB-86BCE0E010FF}"
EndProject
Project("{FAE04EC0-301F-11D3-BF4B-00C04F79EFBC}") = "App3", "App3\App3\App3.csproj", "{2FC160C7-C4C5-4120-BD43-AB719A597D68}"
EndProject
Global
	GlobalSection(SolutionConfigurationPlatforms) = preSolution
		Debug|Any CPU = Debug|Any CPU
		Debug|iPhone = Debug|iPhone
		Debug|iPhoneSimulator = Debug|iPhoneSimulator
		Release|Any CPU = Release|Any CPU
		Release|iPhone = Release|iPhone
		Release|iPhoneSimulator = Release|iPhoneSimulator
	EndGlobalSection
	GlobalSection(ProjectConfigurationPlatforms) = postSolution
		{D24E76EE-3DB1-4129-A70B-41E4950CC655}.Debug|Any CPU.ActiveCfg = Debug|Any CPU
		{D24E76EE-3DB1-4129-A70B-41E4950CC655}.Debug|Any CPU.Build.0 = Debug|Any CPU
		{D24E76EE-3DB1-4129-A70B-41E4950CC655}.Debug|Any CPU.Deploy.0 = Debug|Any CPU
		{D24E76EE-3DB1-4129-A70B-41E4950CC655}.Debug|iPhone.ActiveCfg = Debug|Any CPU
		{D24E76EE-3DB1-4129-A70B-41E4950CC655}.Debug|iPhone.Build.0 = Debug|Any CPU
		{D24E76EE-3DB1-4129-A70B-41E4950CC655}.Debug|iPhone.Deploy.0 = Debug|Any CPU
		{D24E76EE-3DB1-4129-A70B-41E4950CC655}.Debug|iPhoneSimulator.ActiveCfg = Debug|Any CPU
		{D24E76EE-3DB1-4129-A70B-41E4950CC655}.Debug|iPhoneSimulator.Build.0 = Debug|Any CPU
		{D24E76EE-3DB1-4129-A70B-41E4950CC655}.Debug|iPhoneSimulator.Deploy.0 = Debug|Any CPU
		{D24E76EE-3DB1-4129-A70B-41E4950CC655}.Release|Any CPU.ActiveCfg = Release|Any CPU
		{D24E76EE-3DB1-4129-A70B-41E4950CC655}.Release|Any CPU.Build.0 = Release|Any CPU
		{D24E76EE-3DB1-4129-A70B-41E4950CC655}.Release|Any CPU.Deploy.0 = Release|Any CPU
		{D24E76EE-3DB1-4129-A70B-41E4950CC655}.Release|iPhone.ActiveCfg = Release|Any CPU
		{D24E76EE-3DB1-4129-A70B-41E4950CC655}.Release|iPhone.Build.0 = Release|Any CPU
		{D24E76EE-3DB1-4129-A70B-41E4950CC655}.Release|iPhone.Deploy.0 = Release|Any CPU
		{D24E76EE-3DB1-4129-A70B-41E4950CC655}.Release|iPhoneSimulator.ActiveCfg = Release|Any CPU
		{D24E76EE-3DB1-4129-A70B-41E4950CC655}.Release|iPhoneSimulator.Build.0 = Release|Any CPU
		{D24E76EE-3DB1-4129-A70B-41E4950CC655}.Release|iPhoneSimulator.Deploy.0 = Release|Any CPU
		{3DF88465-1F56-4111-AFDB-86BCE0E010FF}.Debug|Any CPU.ActiveCfg = Debug|iPhone
		{3DF88465-1F56-4111-AFDB-86BCE0E010FF}.Debug|Any CPU.Build.0 = Debug|iPhone
		{3DF88465-1F56-4111-AFDB-86BCE0E010FF}.Debug|Any CPU.Deploy.0 = Debug|iPhone
		{3DF88465-1F56-4111-AFDB-86BCE0E010FF}.Debug|iPhone.ActiveCfg = Debug|iPhone
		{3DF88465-1F56-4111-AFDB-86BCE0E010FF}.Debug|iPhone.Build.0 = Debug|iPhone
		{3DF88465-1F56-4111-AFDB-86BCE0E010FF}.Debug|iPhone.Deploy.0 = Debug|iPhone
		{3DF88465-1F56-4111-AFDB-86BCE0E010FF}.Debug|iPhoneSimulator.ActiveCfg = Debug|iPhoneSimulator
		{3DF88465-1F56-4111-AFDB-86BCE0E010FF}.Debug|iPhoneSimulator.Build.0 = Debug|iPhoneSimulator
		{3DF88465-1F56-4111-AFDB-86BCE0E010FF}.Debug|iPhoneSimulator.Deploy.0 = Debug|iPhoneSimulator
		{3DF88465-1F56-4111-AFDB-86BCE0E010FF}.Release|Any CPU.ActiveCfg = Release|iPhoneSimulator
		{3DF88465-1F56-4111-AFDB-86BCE0E010FF}.Release|Any CPU.Build.0 = Release|iPhoneSimulator
		{3DF88465-1F56-4111-AFDB-86BCE0E010FF}.Release|Any CPU.Deploy.0 = Release|iPhoneSimulator
		{3DF88465-1F56-4111-AFDB-86BCE0E010FF}.Release|iPhone.ActiveCfg = Release|iPhone
		{3DF88465-1F56-4111-AFDB-86BCE0E010FF}.Release|iPhone.Build.0 = Release|iPhone
		{3DF88465-1F56-4111-AFDB-86BCE0E010FF}.Release|iPhone.Deploy.0 = Release|iPhone
		{3DF88465-1F56-4111-AFDB-86BCE0E010FF}.Release|iPhoneSimulator.ActiveCfg = Release|iPhoneSimulator
		{3DF88465-1F56-4111-AFDB-86BCE0E010FF}.Release|iPhoneSimulator.Build.0 = Release|iPhoneSimulator
		{3DF88465-1F56-4111-AFDB-86BCE0E010FF}.Release|iPhoneSimulator.Deploy.0 = Release|iPhoneSimulator
		{2FC160C7-C4C5-4120-BD43-AB719A597D68}.Debug|Any CPU.ActiveCfg = Debug|Any CPU
		{2FC160C7-C4C5-4120-BD43-AB719A597D68}.Debug|Any CPU.Build.0 = Debug|Any CPU
		{2FC160C7-C4C5-4120-BD43-AB719A597D68}.Debug|Any CPU.Deploy.0 = Debug|Any CPU
		{2FC160C7-C4C5-4120-BD43-AB719A597D68}.Debug|iPhone.ActiveCfg = Debug|Any CPU
		{2FC160C7-C4C5-4120-BD43-AB719A597D68}.Debug|iPhone.Build.0 = Debug|Any CPU
		{2FC160C7-C4C5-4120-BD43-AB719A597D68}.Debug|iPhone.Deploy.0 = Debug|Any CPU
		{2FC160C7-C4C5-4120-BD43-AB719A597D68}.Debug|iPhoneSimulator.ActiveCfg = Debug|Any CPU
		{2FC160C7-C4C5-4120-BD43-AB719A597D68}.Debug|iPhoneSimulator.Build.0 = Debug|Any CPU
		{2FC160C7-C4C5-4120-BD43-AB719A597D68}.Debug|iPhoneSimulator.Deploy.0 = Debug|Any CPU
		{2FC160C7-C4C5-4120-BD43-AB719A597D68}.Release|Any CPU.ActiveCfg = Release|Any CPU
		{2FC160C7-C4C5-4120-BD43-AB719A597D68}.Release|Any CPU.Build.0 = Release|Any CPU
		{2FC160C7-C4C5-4120-BD43-AB719A597D68}.Release|Any CPU.Deploy.0 = Release|Any CPU
		{2FC160C7-C4C5-4120-BD43-AB719A597D68}.Release|iPhone.ActiveCfg = Release|Any CPU
		{2FC160C7-C4C5-4120-BD43-AB719A597D68}.Release|iPhone.Build.0 = Release|Any CPU
		{2FC160C7-C4C5-4120-BD43-AB719A597D68}.Release|iPhone.Deploy.0 = Release|Any CPU
		{2FC160C7-C4C5-4120-BD43-AB719A597D68}.Release|iPhoneSimulator.ActiveCfg = Release|Any CPU
		{2FC160C7-C4C5-4120-BD43-AB719A597D68}.Release|iPhoneSimulator.Build.0 = Release|Any CPU
		{2FC160C7-C4C5-4120-BD43-AB719A597D68}.Release|iPhoneSimulator.Deploy.0 = Release|Any CPU
	EndGlobalSection
	GlobalSection(SolutionProperties) = preSolution
		HideSolutionNode = FALSE
	EndGlobalSection
	GlobalSection(ExtensibilityGlobals) = postSolution
		SolutionGuid = {58BB189B-B096-49AA-89C3-5E96202CC593}
	EndGlobalSection
EndGlobal
